
Microsoft Visual Studio Solution File, Format Version 12.00
# Visual Studio Version 16
VisualStudioVersion = 16.0.30330.147
MinimumVisualStudioVersion = 10.0.40219.1
Project("{FAE04EC0-301F-11D3-BF4B-00C04F79EFBC}") = "SPZLab3Var1", "SPZLab3Var1.csproj", "{DD84EC32-AB42-45C7-863F-723B8B539F9A}"
EndProject
Global
	GlobalSection(SolutionConfigurationPlatforms) = preSolution
		Debug|Any CPU = Debug|Any CPU
		Release|Any CPU = Release|Any CPU
	EndGlobalSection
	GlobalSection(ProjectConfigurationPlatforms) = postSolution
		{DD84EC32-AB42-45C7-863F-723B8B539F9A}.Debug|Any CPU.ActiveCfg = Debug|Any CPU
		{DD84EC32-AB42-45C7-863F-723B8B539F9A}.Debug|Any CPU.Build.0 = Debug|Any CPU
		{DD84EC32-AB42-45C7-863F-723B8B539F9A}.Release|Any CPU.ActiveCfg = Release|Any CPU
		{DD84EC32-AB42-45C7-863F-723B8B539F9A}.Release|Any CPU.Build.0 = Release|Any CPU
	EndGlobalSection
	GlobalSection(SolutionProperties) = preSolution
		HideSolutionNode = FALSE
	EndGlobalSection
	GlobalSection(ExtensibilityGlobals) = postSolution
		SolutionGuid = {7B7DB43C-86D3-4474-8B1A-2658523027F8}
	EndGlobalSection
EndGlobal
